
Microsoft Visual Studio Solution File, Format Version 12.00
# Visual Studio Version 16
VisualStudioVersion = 16.0.29728.190
MinimumVisualStudioVersion = 10.0.40219.1
Project("{FAE04EC0-301F-11D3-BF4B-00C04F79EFBC}") = "AplicacionDeEventos", "AplicacionDeEventos\AplicacionDeEventos.csproj", "{4E71AB26-5FE4-4B02-8846-AE5B25325C9F}"
EndProject
Project("{FAE04EC0-301F-11D3-BF4B-00C04F79EFBC}") = "ProcesadorDeEventos", "ProcesadorDeEventos\ProcesadorDeEventos.csproj", "{09EEC750-F1A7-4F03-BA29-FA55E3527AB6}"
EndProject
Global
	GlobalSection(SolutionConfigurationPlatforms) = preSolution
		Debug|Any CPU = Debug|Any CPU
		Release|Any CPU = Release|Any CPU
	EndGlobalSection
	GlobalSection(ProjectConfigurationPlatforms) = postSolution
		{4E71AB26-5FE4-4B02-8846-AE5B25325C9F}.Debug|Any CPU.ActiveCfg = Debug|Any CPU
		{4E71AB26-5FE4-4B02-8846-AE5B25325C9F}.Debug|Any CPU.Build.0 = Debug|Any CPU
		{4E71AB26-5FE4-4B02-8846-AE5B25325C9F}.Release|Any CPU.ActiveCfg = Release|Any CPU
		{4E71AB26-5FE4-4B02-8846-AE5B25325C9F}.Release|Any CPU.Build.0 = Release|Any CPU
		{09EEC750-F1A7-4F03-BA29-FA55E3527AB6}.Debug|Any CPU.ActiveCfg = Debug|Any CPU
		{09EEC750-F1A7-4F03-BA29-FA55E3527AB6}.Debug|Any CPU.Build.0 = Debug|Any CPU
		{09EEC750-F1A7-4F03-BA29-FA55E3527AB6}.Release|Any CPU.ActiveCfg = Release|Any CPU
		{09EEC750-F1A7-4F03-BA29-FA55E3527AB6}.Release|Any CPU.Build.0 = Release|Any CPU
	EndGlobalSection
	GlobalSection(SolutionProperties) = preSolution
		HideSolutionNode = FALSE
	EndGlobalSection
	GlobalSection(ExtensibilityGlobals) = postSolution
		SolutionGuid = {5067F54D-DD52-4008-867C-136FDC1892B6}
	EndGlobalSection
EndGlobal
